Microsoft Visual Studio Solution File, Format Version 8.00
Project("{8BC9CEB8-8B4A-11D0-8D11-00A0C91BC942}") = "libCgl", "..\..\..\MSVisualStudioExternals\v7\Cgl\libCgl\libCgl.vcproj", "{DBEA3904-F0B8-408A-9E1A-6497FEBE8C42}"
	ProjectSection(ProjectDependencies) = postProject
	EndProjectSection
EndProject
Project("{8BC9CEB8-8B4A-11D0-8D11-00A0C91BC942}") = "libClp", "..\..\..\MSVisualStudioExternals\v7\Clp\libClp\libClp.vcproj", "{4F8F7D1C-3A9E-444D-8EE9-77F33FA05994}"
	ProjectSection(ProjectDependencies) = postProject
	EndProjectSection
EndProject
Project("{8BC9CEB8-8B4A-11D0-8D11-00A0C91BC942}") = "libCoinUtils", "..\..\..\MSVisualStudioExternals\v7\CoinUtils\libCoinUtils\libCoinUtils.vcproj", "{C4867F15-438D-4FF8-8388-62FBAAA9786C}"
	ProjectSection(ProjectDependencies) = postProject
	EndProjectSection
EndProject
Project("{8BC9CEB8-8B4A-11D0-8D11-00A0C91BC942}") = "libOsi", "..\..\..\MSVisualStudioExternals\v7\Osi\libOsi\libOsi.vcproj", "{7D98E2CB-876E-4F75-9F71-77D3FE87E149}"
	ProjectSection(ProjectDependencies) = postProject
	EndProjectSection
EndProject
Project("{8BC9CEB8-8B4A-11D0-8D11-00A0C91BC942}") = "libOsiCbc", "..\..\..\MSVisualStudioExternals\v7\Osi\libOsiCbc\libOsiCbc.vcproj", "{A4D8DB82-7DC6-45EE-AF08-2A6DD7E7AB56}"
	ProjectSection(ProjectDependencies) = postProject
	EndProjectSection
EndProject
Project("{8BC9CEB8-8B4A-11D0-8D11-00A0C91BC942}") = "libOsiClp", "..\..\..\MSVisualStudioExternals\v7\Osi\libOsiClp\libOsiClp.vcproj", "{02D45875-A8CF-41B9-990B-3699C0ECFE10}"
	ProjectSection(ProjectDependencies) = postProject
	EndProjectSection
EndProject
Project("{8BC9CEB8-8B4A-11D0-8D11-00A0C91BC942}") = "libCbc", "..\..\..\MSVisualStudioExternals\v7\Cbc\libCbc\libCbc.vcproj", "{BC0321FC-B509-483A-8D75-35D544B252F3}"
	ProjectSection(ProjectDependencies) = postProject
	EndProjectSection
EndProject
Project("{8BC9CEB8-8B4A-11D0-8D11-00A0C91BC942}") = "libOS", "libOS\libOS.vcproj", "{FDE75299-7466-4A6E-861C-E46021777559}"
	ProjectSection(ProjectDependencies) = postProject
		{DBEA3904-F0B8-408A-9E1A-6497FEBE8C42} = {DBEA3904-F0B8-408A-9E1A-6497FEBE8C42}
		{C4867F15-438D-4FF8-8388-62FBAAA9786C} = {C4867F15-438D-4FF8-8388-62FBAAA9786C}
		{4F8F7D1C-3A9E-444D-8EE9-77F33FA05994} = {4F8F7D1C-3A9E-444D-8EE9-77F33FA05994}
		{41BA5322-61B4-41B9-857E-E44D6C326AB5} = {41BA5322-61B4-41B9-857E-E44D6C326AB5}
		{41BA5322-61B4-41B9-857E-E44D6C326AB5} = {41BA5322-61B4-41B9-857E-E44D6C326AB5}
		{41BA5322-61B4-41B9-857E-E44D6C326AB5} = {41BA5322-61B4-41B9-857E-E44D6C326AB5}
		{02D45875-A8CF-41B9-990B-3699C0ECFE10} = {02D45875-A8CF-41B9-990B-3699C0ECFE10}
		{A4D8DB82-7DC6-45EE-AF08-2A6DD7E7AB56} = {A4D8DB82-7DC6-45EE-AF08-2A6DD7E7AB56}
		{E86DDDC0-088B-4006-ADE1-0D9F8A6BBE4C} = {E86DDDC0-088B-4006-ADE1-0D9F8A6BBE4C}
		{E86DDDC0-088B-4006-ADE1-0D9F8A6BBE4C} = {E86DDDC0-088B-4006-ADE1-0D9F8A6BBE4C}
		{7D98E2CB-876E-4F75-9F71-77D3FE87E149} = {7D98E2CB-876E-4F75-9F71-77D3FE87E149}
		{BC0321FC-B509-483A-8D75-35D544B252F3} = {BC0321FC-B509-483A-8D75-35D544B252F3}
	EndProjectSection
EndProject
Project("{8BC9CEB8-8B4A-11D0-8D11-00A0C91BC942}") = "OSSolverService", "OSSolverService\OSSolverService.vcproj", "{7F684109-6C1F-40D3-B3EC-FCB18651110A}"
	ProjectSection(ProjectDependencies) = postProject
		{FDE75299-7466-4A6E-861C-E46021777559} = {FDE75299-7466-4A6E-861C-E46021777559}
	EndProjectSection
EndProject
Project("{8BC9CEB8-8B4A-11D0-8D11-00A0C91BC942}") = "OSTest", "OSTest\OSTest.vcproj", "{C5E6054E-C498-421B-835C-25CAAB7AFB7A}"
	ProjectSection(ProjectDependencies) = postProject
		{FDE75299-7466-4A6E-861C-E46021777559} = {FDE75299-7466-4A6E-861C-E46021777559}
	EndProjectSection
EndProject
Project("{8BC9CEB8-8B4A-11D0-8D11-00A0C91BC942}") = "libDyLP", "..\..\..\MSVisualStudioExternalsDyLP\v7\DyLP\libDyLP\libDylp.vcproj", "{41BA5322-61B4-41B9-857E-E44D6C326AB5}"
	ProjectSection(ProjectDependencies) = postProject
		{41BA5322-61B4-41B9-857E-E44D6C326AB5} = {41BA5322-61B4-41B9-857E-E44D6C326AB5}
		{E86DDDC0-088B-4006-ADE1-0D9F8A6BBE4C} = {E86DDDC0-088B-4006-ADE1-0D9F8A6BBE4C}
	EndProjectSection
EndProject
Project("{8BC9CEB8-8B4A-11D0-8D11-00A0C91BC942}") = "libDyLPStdLib", "..\..\..\MSVisualStudioExternalsDyLP\v7\DyLP\libDyLPStdLib\libDylpStd.vcproj", "{41BA5322-61B4-41B9-857E-E44D6C326AB5}"
	ProjectSection(ProjectDependencies) = postProject
	EndProjectSection
EndProject
Project("{8BC9CEB8-8B4A-11D0-8D11-00A0C91BC942}") = "libOsiDyLP", "..\..\..\MSVisualStudioExternalsDyLP\v7\Osi\libOsiDyLP\libOsiDyLP.vcproj", "{E86DDDC0-088B-4006-ADE1-0D9F8A6BBE4C}"
	ProjectSection(ProjectDependencies) = postProject
	EndProjectSection
EndProject
Project("{8BC9CEB8-8B4A-11D0-8D11-00A0C91BC942}") = "libSYMPHONY", "..\..\..\MSVisualStudioExternalsSym\v7\libSymphony.vcproj", "{41BA5322-61B4-41B9-857E-E44D6C326AB5}"
	ProjectSection(ProjectDependencies) = postProject
		{E86DDDC0-088B-4006-ADE1-0D9F8A6BBE4C} = {E86DDDC0-088B-4006-ADE1-0D9F8A6BBE4C}
	EndProjectSection
EndProject
Project("{8BC9CEB8-8B4A-11D0-8D11-00A0C91BC942}") = "libOsiSym", "..\..\..\MSVisualStudioOS\v7\Osi\libOsiSym\libOsiSym.vcproj", "{E86DDDC0-088B-4006-ADE1-0D9F8A6BBE4C}"
	ProjectSection(ProjectDependencies) = postProject
	EndProjectSection
EndProject
Global
	GlobalSection(SolutionConfiguration) = preSolution
		Debug = Debug
		Release = Release
	EndGlobalSection
	GlobalSection(ProjectConfiguration) = postSolution
		{DBEA3904-F0B8-408A-9E1A-6497FEBE8C42}.Debug.ActiveCfg = Debug|Win32
		{DBEA3904-F0B8-408A-9E1A-6497FEBE8C42}.Debug.Build.0 = Debug|Win32
		{DBEA3904-F0B8-408A-9E1A-6497FEBE8C42}.Release.ActiveCfg = Release|Win32
		{DBEA3904-F0B8-408A-9E1A-6497FEBE8C42}.Release.Build.0 = Release|Win32
		{4F8F7D1C-3A9E-444D-8EE9-77F33FA05994}.Debug.ActiveCfg = Debug|Win32
		{4F8F7D1C-3A9E-444D-8EE9-77F33FA05994}.Debug.Build.0 = Debug|Win32
		{4F8F7D1C-3A9E-444D-8EE9-77F33FA05994}.Release.ActiveCfg = Release|Win32
		{4F8F7D1C-3A9E-444D-8EE9-77F33FA05994}.Release.Build.0 = Release|Win32
		{C4867F15-438D-4FF8-8388-62FBAAA9786C}.Debug.ActiveCfg = Debug|Win32
		{C4867F15-438D-4FF8-8388-62FBAAA9786C}.Debug.Build.0 = Debug|Win32
		{C4867F15-438D-4FF8-8388-62FBAAA9786C}.Release.ActiveCfg = Release|Win32
		{C4867F15-438D-4FF8-8388-62FBAAA9786C}.Release.Build.0 = Release|Win32
		{7D98E2CB-876E-4F75-9F71-77D3FE87E149}.Debug.ActiveCfg = Debug|Win32
		{7D98E2CB-876E-4F75-9F71-77D3FE87E149}.Debug.Build.0 = Debug|Win32
		{7D98E2CB-876E-4F75-9F71-77D3FE87E149}.Release.ActiveCfg = Release|Win32
		{7D98E2CB-876E-4F75-9F71-77D3FE87E149}.Release.Build.0 = Release|Win32
		{A4D8DB82-7DC6-45EE-AF08-2A6DD7E7AB56}.Debug.ActiveCfg = Debug|Win32
		{A4D8DB82-7DC6-45EE-AF08-2A6DD7E7AB56}.Debug.Build.0 = Debug|Win32
		{A4D8DB82-7DC6-45EE-AF08-2A6DD7E7AB56}.Release.ActiveCfg = Release|Win32
		{A4D8DB82-7DC6-45EE-AF08-2A6DD7E7AB56}.Release.Build.0 = Release|Win32
		{02D45875-A8CF-41B9-990B-3699C0ECFE10}.Debug.ActiveCfg = Debug|Win32
		{02D45875-A8CF-41B9-990B-3699C0ECFE10}.Debug.Build.0 = Debug|Win32
		{02D45875-A8CF-41B9-990B-3699C0ECFE10}.Release.ActiveCfg = Release|Win32
		{02D45875-A8CF-41B9-990B-3699C0ECFE10}.Release.Build.0 = Release|Win32
		{BC0321FC-B509-483A-8D75-35D544B252F3}.Debug.ActiveCfg = Debug|Win32
		{BC0321FC-B509-483A-8D75-35D544B252F3}.Debug.Build.0 = Debug|Win32
		{BC0321FC-B509-483A-8D75-35D544B252F3}.Release.ActiveCfg = Release|Win32
		{BC0321FC-B509-483A-8D75-35D544B252F3}.Release.Build.0 = Release|Win32
		{FDE75299-7466-4A6E-861C-E46021777559}.Debug.ActiveCfg = Debug|Win32
		{FDE75299-7466-4A6E-861C-E46021777559}.Debug.Build.0 = Debug|Win32
		{FDE75299-7466-4A6E-861C-E46021777559}.Release.ActiveCfg = Release|Win32
		{FDE75299-7466-4A6E-861C-E46021777559}.Release.Build.0 = Release|Win32
		{7F684109-6C1F-40D3-B3EC-FCB18651110A}.Debug.ActiveCfg = Debug|Win32
		{7F684109-6C1F-40D3-B3EC-FCB18651110A}.Debug.Build.0 = Debug|Win32
		{7F684109-6C1F-40D3-B3EC-FCB18651110A}.Release.ActiveCfg = Release|Win32
		{7F684109-6C1F-40D3-B3EC-FCB18651110A}.Release.Build.0 = Release|Win32
		{C5E6054E-C498-421B-835C-25CAAB7AFB7A}.Debug.ActiveCfg = Debug|Win32
		{C5E6054E-C498-421B-835C-25CAAB7AFB7A}.Debug.Build.0 = Debug|Win32
		{C5E6054E-C498-421B-835C-25CAAB7AFB7A}.Release.ActiveCfg = Release|Win32
		{C5E6054E-C498-421B-835C-25CAAB7AFB7A}.Release.Build.0 = Release|Win32
		{41BA5322-61B4-41B9-857E-E44D6C326AB5}.Debug.ActiveCfg = Debug|Win32
		{41BA5322-61B4-41B9-857E-E44D6C326AB5}.Debug.Build.0 = Debug|Win32
		{41BA5322-61B4-41B9-857E-E44D6C326AB5}.Release.ActiveCfg = Release|Win32
		{41BA5322-61B4-41B9-857E-E44D6C326AB5}.Release.Build.0 = Release|Win32
		{41BA5322-61B4-41B9-857E-E44D6C326AB5}.Debug.ActiveCfg = Debug|Win32
		{41BA5322-61B4-41B9-857E-E44D6C326AB5}.Debug.Build.0 = Debug|Win32
		{41BA5322-61B4-41B9-857E-E44D6C326AB5}.Release.ActiveCfg = Release|Win32
		{41BA5322-61B4-41B9-857E-E44D6C326AB5}.Release.Build.0 = Release|Win32
		{E86DDDC0-088B-4006-ADE1-0D9F8A6BBE4C}.Debug.ActiveCfg = Debug|Win32
		{E86DDDC0-088B-4006-ADE1-0D9F8A6BBE4C}.Debug.Build.0 = Debug|Win32
		{E86DDDC0-088B-4006-ADE1-0D9F8A6BBE4C}.Release.ActiveCfg = Release|Win32
		{E86DDDC0-088B-4006-ADE1-0D9F8A6BBE4C}.Release.Build.0 = Release|Win32
		{41BA5322-61B4-41B9-857E-E44D6C326AB5}.Debug.ActiveCfg = Debug|Win32
		{41BA5322-61B4-41B9-857E-E44D6C326AB5}.Debug.Build.0 = Debug|Win32
		{41BA5322-61B4-41B9-857E-E44D6C326AB5}.Release.ActiveCfg = Release|Win32
		{41BA5322-61B4-41B9-857E-E44D6C326AB5}.Release.Build.0 = Release|Win32
		{E86DDDC0-088B-4006-ADE1-0D9F8A6BBE4C}.Debug.ActiveCfg = Debug|Win32
		{E86DDDC0-088B-4006-ADE1-0D9F8A6BBE4C}.Debug.Build.0 = Debug|Win32
		{E86DDDC0-088B-4006-ADE1-0D9F8A6BBE4C}.Release.ActiveCfg = Release|Win32
		{E86DDDC0-088B-4006-ADE1-0D9F8A6BBE4C}.Release.Build.0 = Release|Win32
	EndGlobalSection
	GlobalSection(ExtensibilityGlobals) = postSolution
	EndGlobalSection
	GlobalSection(ExtensibilityAddIns) = postSolution
	EndGlobalSection
EndGlobal
