
Microsoft Visual Studio Solution File, Format Version 10.00
# Visual C++ Express 2008
Project("{8BC9CEB8-8B4A-11D0-8D11-00A0C91BC942}") = "instanceGenerator", "instanceGenerator\instanceGenerator.vcproj", "{1D00CF5F-628E-47EB-A2FB-9FFC878DDE29}"
EndProject
Project("{8BC9CEB8-8B4A-11D0-8D11-00A0C91BC942}") = "algorithmicDiff", "algorithmicDiff\algorithmicDiff.vcproj", "{ADF99A9C-8B18-4FC9-8653-403A0C211ED0}"
EndProject
Project("{8BC9CEB8-8B4A-11D0-8D11-00A0C91BC942}") = "osRemoteTest", "osRemoteTest\osRemoteTest.vcproj", "{430006C2-FB74-455C-B095-60AC419A8755}"
EndProject
Project("{8BC9CEB8-8B4A-11D0-8D11-00A0C91BC942}") = "osModificationDemo", "osModificationDemo\osModificationDemo.vcproj", "{9FBEA180-F234-45BF-8C34-F6454DEDEA44}"
EndProject
Project("{8BC9CEB8-8B4A-11D0-8D11-00A0C91BC942}") = "osResultDemo", "osResultDemo\osResultDemo.vcproj", "{01867815-FF04-4A29-9C0C-0DD44DDDC929}"
EndProject
Project("{8BC9CEB8-8B4A-11D0-8D11-00A0C91BC942}") = "template", "template\template.vcproj", "{717775BC-D7FC-42BD-95CD-2B24E9354BE5}"
EndProject
Project("{8BC9CEB8-8B4A-11D0-8D11-00A0C91BC942}") = "branchCutPrice", "branchCutPrice\branchCutPrice.vcproj", "{48854FAA-CF02-449B-846F-EC6188406449}"
EndProject
Project("{8BC9CEB8-8B4A-11D0-8D11-00A0C91BC942}") = "cglCuts", "cglCuts\cglCuts.vcproj", "{7FFFD7EF-19CB-4D8E-B9BF-A9CB3F88D351}"
EndProject
Project("{8BC9CEB8-8B4A-11D0-8D11-00A0C91BC942}") = "osSolverDemo", "osSolverDemo\osSolverDemo.vcproj", "{E9056D5E-F8D6-48F2-B9D5-E8736B742FD5}"
EndProject
Global
	GlobalSection(SolutionConfigurationPlatforms) = preSolution
		Release|Win32 = Release|Win32
	EndGlobalSection
	GlobalSection(ProjectConfigurationPlatforms) = postSolution
		{1D00CF5F-628E-47EB-A2FB-9FFC878DDE29}.Release|Win32.ActiveCfg = Release|Win32
		{1D00CF5F-628E-47EB-A2FB-9FFC878DDE29}.Release|Win32.Build.0 = Release|Win32
		{ADF99A9C-8B18-4FC9-8653-403A0C211ED0}.Release|Win32.ActiveCfg = Release|Win32
		{ADF99A9C-8B18-4FC9-8653-403A0C211ED0}.Release|Win32.Build.0 = Release|Win32
		{430006C2-FB74-455C-B095-60AC419A8755}.Release|Win32.ActiveCfg = Release|Win32
		{430006C2-FB74-455C-B095-60AC419A8755}.Release|Win32.Build.0 = Release|Win32
		{9FBEA180-F234-45BF-8C34-F6454DEDEA44}.Release|Win32.ActiveCfg = Release|Win32
		{9FBEA180-F234-45BF-8C34-F6454DEDEA44}.Release|Win32.Build.0 = Release|Win32
		{01867815-FF04-4A29-9C0C-0DD44DDDC929}.Release|Win32.ActiveCfg = Release|Win32
		{01867815-FF04-4A29-9C0C-0DD44DDDC929}.Release|Win32.Build.0 = Release|Win32
		{717775BC-D7FC-42BD-95CD-2B24E9354BE5}.Release|Win32.ActiveCfg = Release|Win32
		{717775BC-D7FC-42BD-95CD-2B24E9354BE5}.Release|Win32.Build.0 = Release|Win32
		{48854FAA-CF02-449B-846F-EC6188406449}.Release|Win32.ActiveCfg = Release|Win32
		{48854FAA-CF02-449B-846F-EC6188406449}.Release|Win32.Build.0 = Release|Win32
		{7FFFD7EF-19CB-4D8E-B9BF-A9CB3F88D351}.Release|Win32.ActiveCfg = Release|Win32
		{7FFFD7EF-19CB-4D8E-B9BF-A9CB3F88D351}.Release|Win32.Build.0 = Release|Win32
		{E9056D5E-F8D6-48F2-B9D5-E8736B742FD5}.Release|Win32.ActiveCfg = Release|Win32
		{E9056D5E-F8D6-48F2-B9D5-E8736B742FD5}.Release|Win32.Build.0 = Release|Win32
	EndGlobalSection
	GlobalSection(SolutionProperties) = preSolution
		HideSolutionNode = FALSE
	EndGlobalSection
EndGlobal
