Microsoft Visual Studio Solution File, Format Version 10.00
# Visual Studio 2008
Project("{8BC9CEB8-8B4A-11D0-8D11-00A0C91BC942}") = "libCbc", "..\..\..\Cbc\MSVisualStudio\v9\libCbc\libCbc.vcproj", "{363BA154-FEC9-4E1E-BC23-93CEC58AB785}"
EndProject
Project("{8BC9CEB8-8B4A-11D0-8D11-00A0C91BC942}") = "libCgl", "..\..\..\Cgl\MSVisualStudio\v9\libCgl\libCgl.vcproj", "{DBEA3904-F0B8-408A-9E1A-6497FEBE8C42}"
EndProject
Project("{8BC9CEB8-8B4A-11D0-8D11-00A0C91BC942}") = "libClp", "..\..\..\Clp\MSVisualStudio\v9\libClp\libClp.vcproj", "{4F8F7D1C-3A9E-444D-8EE9-77F33FA05994}"
EndProject
Project("{8BC9CEB8-8B4A-11D0-8D11-00A0C91BC942}") = "libCoinUtils", "..\..\..\CoinUtils\MSVisualStudio\v9\libCoinUtils\libCoinUtils.vcproj", "{C4867F15-438D-4FF8-8388-62FBAAA9786C}"
EndProject
Project("{8BC9CEB8-8B4A-11D0-8D11-00A0C91BC942}") = "libOsi", "..\..\..\Osi\MSVisualStudio\v9\libOsi\libOsi.vcproj", "{7D98E2CB-876E-4F75-9F71-77D3FE87E149}"
EndProject
Project("{8BC9CEB8-8B4A-11D0-8D11-00A0C91BC942}") = "libOsiCbc", "..\..\..\Cbc\MSVisualStudio\v9\libOsiCbc\libOsiCbc.vcproj", "{431ED9C6-FDF6-4836-8B33-BE4EC5378640}"
EndProject
Project("{8BC9CEB8-8B4A-11D0-8D11-00A0C91BC942}") = "libOsiClp", "..\..\..\Clp\MSVisualStudio\v9\libOsiClp\libOsiClp.vcproj", "{02D45875-A8CF-41B9-990B-3699C0ECFE10}"
EndProject
Project("{8BC9CEB8-8B4A-11D0-8D11-00A0C91BC942}") = "libOsiVol", "..\..\..\Vol\MSVisualStudio\v9\libOsiVol\libOsiVol.vcproj", "{320F1794-907C-4DFC-9C99-31338C658050}"
EndProject
Project("{8BC9CEB8-8B4A-11D0-8D11-00A0C91BC942}") = "libVol", "..\..\..\Vol\MSVisualStudio\v9\libVol\libVol.vcproj", "{DA559014-23BB-4FD9-B0FB-562CCF38C6B9}"
EndProject
Project("{8BC9CEB8-8B4A-11D0-8D11-00A0C91BC942}") = "OSSolverService", "OSSolverService\OSSolverService.vcproj", "{7F684109-6C1F-40D3-B3EC-FCB18651110A}"
	ProjectSection(ProjectDependencies) = postProject
		{DBEA3904-F0B8-408A-9E1A-6497FEBE8C42} = {DBEA3904-F0B8-408A-9E1A-6497FEBE8C42}
		{DA559014-23BB-4FD9-B0FB-562CCF38C6B9} = {DA559014-23BB-4FD9-B0FB-562CCF38C6B9}
		{C4867F15-438D-4FF8-8388-62FBAAA9786C} = {C4867F15-438D-4FF8-8388-62FBAAA9786C}
		{4F8F7D1C-3A9E-444D-8EE9-77F33FA05994} = {4F8F7D1C-3A9E-444D-8EE9-77F33FA05994}
		{9B5C2549-3D21-497E-A9CB-83D9DEB594BB} = {9B5C2549-3D21-497E-A9CB-83D9DEB594BB}
		{363BA154-FEC9-4E1E-BC23-93CEC58AB785} = {363BA154-FEC9-4E1E-BC23-93CEC58AB785}
		{9B52F86F-D29F-4EB4-B2AB-35A894A98FBD} = {9B52F86F-D29F-4EB4-B2AB-35A894A98FBD}
		{BB170874-0B55-4DF6-B0FE-5398CC668B28} = {BB170874-0B55-4DF6-B0FE-5398CC668B28}
		{02D45875-A8CF-41B9-990B-3699C0ECFE10} = {02D45875-A8CF-41B9-990B-3699C0ECFE10}
		{AC0F178A-9719-44F3-9891-9138B126DC78} = {AC0F178A-9719-44F3-9891-9138B126DC78}
		{320F1794-907C-4DFC-9C99-31338C658050} = {320F1794-907C-4DFC-9C99-31338C658050}
		{71DA4595-E8A7-4B21-A00A-D96D29D11E3E} = {71DA4595-E8A7-4B21-A00A-D96D29D11E3E}
		{431ED9C6-FDF6-4836-8B33-BE4EC5378640} = {431ED9C6-FDF6-4836-8B33-BE4EC5378640}
		{7D98E2CB-876E-4F75-9F71-77D3FE87E149} = {7D98E2CB-876E-4F75-9F71-77D3FE87E149}
	EndProjectSection
EndProject
Project("{8BC9CEB8-8B4A-11D0-8D11-00A0C91BC942}") = "OSTest", "OSTest\OSTest.vcproj", "{C5E6054E-C498-421B-835C-25CAAB7AFB7A}"
	ProjectSection(ProjectDependencies) = postProject
		{DBEA3904-F0B8-408A-9E1A-6497FEBE8C42} = {DBEA3904-F0B8-408A-9E1A-6497FEBE8C42}
		{DA559014-23BB-4FD9-B0FB-562CCF38C6B9} = {DA559014-23BB-4FD9-B0FB-562CCF38C6B9}
		{C4867F15-438D-4FF8-8388-62FBAAA9786C} = {C4867F15-438D-4FF8-8388-62FBAAA9786C}
		{4F8F7D1C-3A9E-444D-8EE9-77F33FA05994} = {4F8F7D1C-3A9E-444D-8EE9-77F33FA05994}
		{9B5C2549-3D21-497E-A9CB-83D9DEB594BB} = {9B5C2549-3D21-497E-A9CB-83D9DEB594BB}
		{363BA154-FEC9-4E1E-BC23-93CEC58AB785} = {363BA154-FEC9-4E1E-BC23-93CEC58AB785}
		{9B52F86F-D29F-4EB4-B2AB-35A894A98FBD} = {9B52F86F-D29F-4EB4-B2AB-35A894A98FBD}
		{BB170874-0B55-4DF6-B0FE-5398CC668B28} = {BB170874-0B55-4DF6-B0FE-5398CC668B28}
		{02D45875-A8CF-41B9-990B-3699C0ECFE10} = {02D45875-A8CF-41B9-990B-3699C0ECFE10}
		{AC0F178A-9719-44F3-9891-9138B126DC78} = {AC0F178A-9719-44F3-9891-9138B126DC78}
		{320F1794-907C-4DFC-9C99-31338C658050} = {320F1794-907C-4DFC-9C99-31338C658050}
		{71DA4595-E8A7-4B21-A00A-D96D29D11E3E} = {71DA4595-E8A7-4B21-A00A-D96D29D11E3E}
		{431ED9C6-FDF6-4836-8B33-BE4EC5378640} = {431ED9C6-FDF6-4836-8B33-BE4EC5378640}
		{7D98E2CB-876E-4F75-9F71-77D3FE87E149} = {7D98E2CB-876E-4F75-9F71-77D3FE87E149}
	EndProjectSection
EndProject
Project("{8BC9CEB8-8B4A-11D0-8D11-00A0C91BC942}") = "libOSCommon", "libOSCommon\libOSCommon.vcproj", "{9B52F86F-D29F-4EB4-B2AB-35A894A98FBD}"
EndProject
Project("{8BC9CEB8-8B4A-11D0-8D11-00A0C91BC942}") = "OSFileUpload", "OSFileUpload\OSFileUpload.vcproj", "{963AE46B-8C67-4C69-B9DF-5845B65806A9}"
	ProjectSection(ProjectDependencies) = postProject
		{C4867F15-438D-4FF8-8388-62FBAAA9786C} = {C4867F15-438D-4FF8-8388-62FBAAA9786C}
		{9B5C2549-3D21-497E-A9CB-83D9DEB594BB} = {9B5C2549-3D21-497E-A9CB-83D9DEB594BB}
		{9B52F86F-D29F-4EB4-B2AB-35A894A98FBD} = {9B52F86F-D29F-4EB4-B2AB-35A894A98FBD}
	EndProjectSection
EndProject
Project("{8BC9CEB8-8B4A-11D0-8D11-00A0C91BC942}") = "libSymphony", "..\..\..\SYMPHONY\MSVisualStudio\v9\libSymphony.vcproj", "{BB170874-0B55-4DF6-B0FE-5398CC668B28}"
EndProject
Project("{8BC9CEB8-8B4A-11D0-8D11-00A0C91BC942}") = "libOsiSym", "..\..\..\Osi\MSVisualStudio\v9\libOsiSym\libOsiSym.vcproj", "{AC0F178A-9719-44F3-9891-9138B126DC78}"
EndProject
Project("{8BC9CEB8-8B4A-11D0-8D11-00A0C91BC942}") = "libOSSolvers", "libOSSolvers\libOSSolvers.vcproj", "{9B5C2549-3D21-497E-A9CB-83D9DEB594BB}"
EndProject
Project("{8BC9CEB8-8B4A-11D0-8D11-00A0C91BC942}") = "OSParsingTest", "OSTest\OSParsingTest.vcproj", "{C6D17043-0174-458F-B81C-0C8CF9B40135}"
	ProjectSection(ProjectDependencies) = postProject
		{C4867F15-438D-4FF8-8388-62FBAAA9786C} = {C4867F15-438D-4FF8-8388-62FBAAA9786C}
		{9B52F86F-D29F-4EB4-B2AB-35A894A98FBD} = {9B52F86F-D29F-4EB4-B2AB-35A894A98FBD}
	EndProjectSection
EndProject
Project("{8BC9CEB8-8B4A-11D0-8D11-00A0C91BC942}") = "libCbcSolver", "..\..\..\Cbc\MSVisualStudio\v9\libCbcSolver\libCbcSolver.vcproj", "{71DA4595-E8A7-4B21-A00A-D96D29D11E3E}"
EndProject
Global
	GlobalSection(SolutionConfigurationPlatforms) = preSolution
		Debug|Win32 = Debug|Win32
		Debug|x64 = Debug|x64
		Release|Win32 = Release|Win32
		Release|x64 = Release|x64
	EndGlobalSection
	GlobalSection(ProjectConfigurationPlatforms) = postSolution
		{363BA154-FEC9-4E1E-BC23-93CEC58AB785}.Debug|Win32.ActiveCfg = Debug|Win32
		{363BA154-FEC9-4E1E-BC23-93CEC58AB785}.Debug|Win32.Build.0 = Debug|Win32
		{363BA154-FEC9-4E1E-BC23-93CEC58AB785}.Debug|x64.ActiveCfg = Debug|x64
		{363BA154-FEC9-4E1E-BC23-93CEC58AB785}.Debug|x64.Build.0 = Debug|x64
		{363BA154-FEC9-4E1E-BC23-93CEC58AB785}.Release|Win32.ActiveCfg = Release|Win32
		{363BA154-FEC9-4E1E-BC23-93CEC58AB785}.Release|Win32.Build.0 = Release|Win32
		{363BA154-FEC9-4E1E-BC23-93CEC58AB785}.Release|x64.ActiveCfg = Release|x64
		{363BA154-FEC9-4E1E-BC23-93CEC58AB785}.Release|x64.Build.0 = Release|x64
		{DBEA3904-F0B8-408A-9E1A-6497FEBE8C42}.Debug|Win32.ActiveCfg = Debug|Win32
		{DBEA3904-F0B8-408A-9E1A-6497FEBE8C42}.Debug|Win32.Build.0 = Debug|Win32
		{DBEA3904-F0B8-408A-9E1A-6497FEBE8C42}.Debug|x64.ActiveCfg = Debug|x64
		{DBEA3904-F0B8-408A-9E1A-6497FEBE8C42}.Debug|x64.Build.0 = Debug|x64
		{DBEA3904-F0B8-408A-9E1A-6497FEBE8C42}.Release|Win32.ActiveCfg = Release|Win32
		{DBEA3904-F0B8-408A-9E1A-6497FEBE8C42}.Release|Win32.Build.0 = Release|Win32
		{DBEA3904-F0B8-408A-9E1A-6497FEBE8C42}.Release|x64.ActiveCfg = Release|x64
		{DBEA3904-F0B8-408A-9E1A-6497FEBE8C42}.Release|x64.Build.0 = Release|x64
		{4F8F7D1C-3A9E-444D-8EE9-77F33FA05994}.Debug|Win32.ActiveCfg = Debug|Win32
		{4F8F7D1C-3A9E-444D-8EE9-77F33FA05994}.Debug|Win32.Build.0 = Debug|Win32
		{4F8F7D1C-3A9E-444D-8EE9-77F33FA05994}.Debug|x64.ActiveCfg = Debug|x64
		{4F8F7D1C-3A9E-444D-8EE9-77F33FA05994}.Debug|x64.Build.0 = Debug|x64
		{4F8F7D1C-3A9E-444D-8EE9-77F33FA05994}.Release|Win32.ActiveCfg = Release|Win32
		{4F8F7D1C-3A9E-444D-8EE9-77F33FA05994}.Release|Win32.Build.0 = Release|Win32
		{4F8F7D1C-3A9E-444D-8EE9-77F33FA05994}.Release|x64.ActiveCfg = Release|x64
		{4F8F7D1C-3A9E-444D-8EE9-77F33FA05994}.Release|x64.Build.0 = Release|x64
		{C4867F15-438D-4FF8-8388-62FBAAA9786C}.Debug|Win32.ActiveCfg = Debug|Win32
		{C4867F15-438D-4FF8-8388-62FBAAA9786C}.Debug|Win32.Build.0 = Debug|Win32
		{C4867F15-438D-4FF8-8388-62FBAAA9786C}.Debug|x64.ActiveCfg = Debug|x64
		{C4867F15-438D-4FF8-8388-62FBAAA9786C}.Debug|x64.Build.0 = Debug|x64
		{C4867F15-438D-4FF8-8388-62FBAAA9786C}.Release|Win32.ActiveCfg = Release|Win32
		{C4867F15-438D-4FF8-8388-62FBAAA9786C}.Release|Win32.Build.0 = Release|Win32
		{C4867F15-438D-4FF8-8388-62FBAAA9786C}.Release|x64.ActiveCfg = Release|x64
		{C4867F15-438D-4FF8-8388-62FBAAA9786C}.Release|x64.Build.0 = Release|x64
		{7D98E2CB-876E-4F75-9F71-77D3FE87E149}.Debug|Win32.ActiveCfg = Debug|Win32
		{7D98E2CB-876E-4F75-9F71-77D3FE87E149}.Debug|Win32.Build.0 = Debug|Win32
		{7D98E2CB-876E-4F75-9F71-77D3FE87E149}.Debug|x64.ActiveCfg = Debug|x64
		{7D98E2CB-876E-4F75-9F71-77D3FE87E149}.Debug|x64.Build.0 = Debug|x64
		{7D98E2CB-876E-4F75-9F71-77D3FE87E149}.Release|Win32.ActiveCfg = Release|Win32
		{7D98E2CB-876E-4F75-9F71-77D3FE87E149}.Release|Win32.Build.0 = Release|Win32
		{7D98E2CB-876E-4F75-9F71-77D3FE87E149}.Release|x64.ActiveCfg = Release|x64
		{7D98E2CB-876E-4F75-9F71-77D3FE87E149}.Release|x64.Build.0 = Release|x64
		{431ED9C6-FDF6-4836-8B33-BE4EC5378640}.Debug|Win32.ActiveCfg = Debug|Win32
		{431ED9C6-FDF6-4836-8B33-BE4EC5378640}.Debug|Win32.Build.0 = Debug|Win32
		{431ED9C6-FDF6-4836-8B33-BE4EC5378640}.Debug|x64.ActiveCfg = Debug|x64
		{431ED9C6-FDF6-4836-8B33-BE4EC5378640}.Debug|x64.Build.0 = Debug|x64
		{431ED9C6-FDF6-4836-8B33-BE4EC5378640}.Release|Win32.ActiveCfg = Release|Win32
		{431ED9C6-FDF6-4836-8B33-BE4EC5378640}.Release|Win32.Build.0 = Release|Win32
		{431ED9C6-FDF6-4836-8B33-BE4EC5378640}.Release|x64.ActiveCfg = Release|x64
		{431ED9C6-FDF6-4836-8B33-BE4EC5378640}.Release|x64.Build.0 = Release|x64
		{02D45875-A8CF-41B9-990B-3699C0ECFE10}.Debug|Win32.ActiveCfg = Debug|Win32
		{02D45875-A8CF-41B9-990B-3699C0ECFE10}.Debug|Win32.Build.0 = Debug|Win32
		{02D45875-A8CF-41B9-990B-3699C0ECFE10}.Debug|x64.ActiveCfg = Debug|x64
		{02D45875-A8CF-41B9-990B-3699C0ECFE10}.Debug|x64.Build.0 = Debug|x64
		{02D45875-A8CF-41B9-990B-3699C0ECFE10}.Release|Win32.ActiveCfg = Release|Win32
		{02D45875-A8CF-41B9-990B-3699C0ECFE10}.Release|Win32.Build.0 = Release|Win32
		{02D45875-A8CF-41B9-990B-3699C0ECFE10}.Release|x64.ActiveCfg = Release|x64
		{02D45875-A8CF-41B9-990B-3699C0ECFE10}.Release|x64.Build.0 = Release|x64
		{320F1794-907C-4DFC-9C99-31338C658050}.Debug|Win32.ActiveCfg = Debug|Win32
		{320F1794-907C-4DFC-9C99-31338C658050}.Debug|Win32.Build.0 = Debug|Win32
		{320F1794-907C-4DFC-9C99-31338C658050}.Debug|x64.ActiveCfg = Debug|x64
		{320F1794-907C-4DFC-9C99-31338C658050}.Debug|x64.Build.0 = Debug|x64
		{320F1794-907C-4DFC-9C99-31338C658050}.Release|Win32.ActiveCfg = Release|Win32
		{320F1794-907C-4DFC-9C99-31338C658050}.Release|Win32.Build.0 = Release|Win32
		{320F1794-907C-4DFC-9C99-31338C658050}.Release|x64.ActiveCfg = Release|x64
		{320F1794-907C-4DFC-9C99-31338C658050}.Release|x64.Build.0 = Release|x64
		{DA559014-23BB-4FD9-B0FB-562CCF38C6B9}.Debug|Win32.ActiveCfg = Debug|Win32
		{DA559014-23BB-4FD9-B0FB-562CCF38C6B9}.Debug|Win32.Build.0 = Debug|Win32
		{DA559014-23BB-4FD9-B0FB-562CCF38C6B9}.Debug|x64.ActiveCfg = Debug|x64
		{DA559014-23BB-4FD9-B0FB-562CCF38C6B9}.Debug|x64.Build.0 = Debug|x64
		{DA559014-23BB-4FD9-B0FB-562CCF38C6B9}.Release|Win32.ActiveCfg = Release|Win32
		{DA559014-23BB-4FD9-B0FB-562CCF38C6B9}.Release|Win32.Build.0 = Release|Win32
		{DA559014-23BB-4FD9-B0FB-562CCF38C6B9}.Release|x64.ActiveCfg = Release|x64
		{DA559014-23BB-4FD9-B0FB-562CCF38C6B9}.Release|x64.Build.0 = Release|x64
		{7F684109-6C1F-40D3-B3EC-FCB18651110A}.Debug|Win32.ActiveCfg = Debug|Win32
		{7F684109-6C1F-40D3-B3EC-FCB18651110A}.Debug|Win32.Build.0 = Debug|Win32
		{7F684109-6C1F-40D3-B3EC-FCB18651110A}.Debug|x64.ActiveCfg = Debug|x64
		{7F684109-6C1F-40D3-B3EC-FCB18651110A}.Debug|x64.Build.0 = Debug|x64
		{7F684109-6C1F-40D3-B3EC-FCB18651110A}.Release|Win32.ActiveCfg = Release|Win32
		{7F684109-6C1F-40D3-B3EC-FCB18651110A}.Release|Win32.Build.0 = Release|Win32
		{7F684109-6C1F-40D3-B3EC-FCB18651110A}.Release|x64.ActiveCfg = Release|x64
		{7F684109-6C1F-40D3-B3EC-FCB18651110A}.Release|x64.Build.0 = Release|x64
		{C5E6054E-C498-421B-835C-25CAAB7AFB7A}.Debug|Win32.ActiveCfg = Debug|Win32
		{C5E6054E-C498-421B-835C-25CAAB7AFB7A}.Debug|Win32.Build.0 = Debug|Win32
		{C5E6054E-C498-421B-835C-25CAAB7AFB7A}.Debug|x64.ActiveCfg = Debug|x64
		{C5E6054E-C498-421B-835C-25CAAB7AFB7A}.Debug|x64.Build.0 = Debug|x64
		{C5E6054E-C498-421B-835C-25CAAB7AFB7A}.Release|Win32.ActiveCfg = Release|Win32
		{C5E6054E-C498-421B-835C-25CAAB7AFB7A}.Release|Win32.Build.0 = Release|Win32
		{C5E6054E-C498-421B-835C-25CAAB7AFB7A}.Release|x64.ActiveCfg = Release|x64
		{C5E6054E-C498-421B-835C-25CAAB7AFB7A}.Release|x64.Build.0 = Release|x64
		{9B52F86F-D29F-4EB4-B2AB-35A894A98FBD}.Debug|Win32.ActiveCfg = Debug|Win32
		{9B52F86F-D29F-4EB4-B2AB-35A894A98FBD}.Debug|Win32.Build.0 = Debug|Win32
		{9B52F86F-D29F-4EB4-B2AB-35A894A98FBD}.Debug|x64.ActiveCfg = Debug|x64
		{9B52F86F-D29F-4EB4-B2AB-35A894A98FBD}.Debug|x64.Build.0 = Debug|x64
		{9B52F86F-D29F-4EB4-B2AB-35A894A98FBD}.Release|Win32.ActiveCfg = Release|Win32
		{9B52F86F-D29F-4EB4-B2AB-35A894A98FBD}.Release|Win32.Build.0 = Release|Win32
		{9B52F86F-D29F-4EB4-B2AB-35A894A98FBD}.Release|x64.ActiveCfg = Release|x64
		{9B52F86F-D29F-4EB4-B2AB-35A894A98FBD}.Release|x64.Build.0 = Release|x64
		{963AE46B-8C67-4C69-B9DF-5845B65806A9}.Debug|Win32.ActiveCfg = Debug|Win32
		{963AE46B-8C67-4C69-B9DF-5845B65806A9}.Debug|Win32.Build.0 = Debug|Win32
		{963AE46B-8C67-4C69-B9DF-5845B65806A9}.Debug|x64.ActiveCfg = Debug|x64
		{963AE46B-8C67-4C69-B9DF-5845B65806A9}.Debug|x64.Build.0 = Debug|x64
		{963AE46B-8C67-4C69-B9DF-5845B65806A9}.Release|Win32.ActiveCfg = Release|Win32
		{963AE46B-8C67-4C69-B9DF-5845B65806A9}.Release|Win32.Build.0 = Release|Win32
		{963AE46B-8C67-4C69-B9DF-5845B65806A9}.Release|x64.ActiveCfg = Release|x64
		{963AE46B-8C67-4C69-B9DF-5845B65806A9}.Release|x64.Build.0 = Release|x64
		{BB170874-0B55-4DF6-B0FE-5398CC668B28}.Debug|Win32.ActiveCfg = Debug|Win32
		{BB170874-0B55-4DF6-B0FE-5398CC668B28}.Debug|Win32.Build.0 = Debug|Win32
		{BB170874-0B55-4DF6-B0FE-5398CC668B28}.Debug|x64.ActiveCfg = Debug|x64
		{BB170874-0B55-4DF6-B0FE-5398CC668B28}.Debug|x64.Build.0 = Debug|x64
		{BB170874-0B55-4DF6-B0FE-5398CC668B28}.Release|Win32.ActiveCfg = Release|Win32
		{BB170874-0B55-4DF6-B0FE-5398CC668B28}.Release|Win32.Build.0 = Release|Win32
		{BB170874-0B55-4DF6-B0FE-5398CC668B28}.Release|x64.ActiveCfg = Release|x64
		{BB170874-0B55-4DF6-B0FE-5398CC668B28}.Release|x64.Build.0 = Release|x64
		{AC0F178A-9719-44F3-9891-9138B126DC78}.Debug|Win32.ActiveCfg = Debug|Win32
		{AC0F178A-9719-44F3-9891-9138B126DC78}.Debug|Win32.Build.0 = Debug|Win32
		{AC0F178A-9719-44F3-9891-9138B126DC78}.Debug|x64.ActiveCfg = Debug|x64
		{AC0F178A-9719-44F3-9891-9138B126DC78}.Debug|x64.Build.0 = Debug|x64
		{AC0F178A-9719-44F3-9891-9138B126DC78}.Release|Win32.ActiveCfg = Release|Win32
		{AC0F178A-9719-44F3-9891-9138B126DC78}.Release|Win32.Build.0 = Release|Win32
		{AC0F178A-9719-44F3-9891-9138B126DC78}.Release|x64.ActiveCfg = Release|x64
		{AC0F178A-9719-44F3-9891-9138B126DC78}.Release|x64.Build.0 = Release|x64
		{9B5C2549-3D21-497E-A9CB-83D9DEB594BB}.Debug|Win32.ActiveCfg = Debug|Win32
		{9B5C2549-3D21-497E-A9CB-83D9DEB594BB}.Debug|Win32.Build.0 = Debug|Win32
		{9B5C2549-3D21-497E-A9CB-83D9DEB594BB}.Debug|x64.ActiveCfg = Debug|x64
		{9B5C2549-3D21-497E-A9CB-83D9DEB594BB}.Debug|x64.Build.0 = Debug|x64
		{9B5C2549-3D21-497E-A9CB-83D9DEB594BB}.Release|Win32.ActiveCfg = Release|Win32
		{9B5C2549-3D21-497E-A9CB-83D9DEB594BB}.Release|Win32.Build.0 = Release|Win32
		{9B5C2549-3D21-497E-A9CB-83D9DEB594BB}.Release|x64.ActiveCfg = Release|x64
		{9B5C2549-3D21-497E-A9CB-83D9DEB594BB}.Release|x64.Build.0 = Release|x64
		{C6D17043-0174-458F-B81C-0C8CF9B40135}.Debug|Win32.ActiveCfg = Debug|Win32
		{C6D17043-0174-458F-B81C-0C8CF9B40135}.Debug|Win32.Build.0 = Debug|Win32
		{C6D17043-0174-458F-B81C-0C8CF9B40135}.Debug|x64.ActiveCfg = Debug|x64
		{C6D17043-0174-458F-B81C-0C8CF9B40135}.Debug|x64.Build.0 = Debug|x64
		{C6D17043-0174-458F-B81C-0C8CF9B40135}.Release|Win32.ActiveCfg = Release|Win32
		{C6D17043-0174-458F-B81C-0C8CF9B40135}.Release|Win32.Build.0 = Release|Win32
		{C6D17043-0174-458F-B81C-0C8CF9B40135}.Release|x64.ActiveCfg = Release|x64
		{C6D17043-0174-458F-B81C-0C8CF9B40135}.Release|x64.Build.0 = Release|x64
		{71DA4595-E8A7-4B21-A00A-D96D29D11E3E}.Debug|Win32.ActiveCfg = Debug|Win32
		{71DA4595-E8A7-4B21-A00A-D96D29D11E3E}.Debug|Win32.Build.0 = Debug|Win32
		{71DA4595-E8A7-4B21-A00A-D96D29D11E3E}.Debug|x64.ActiveCfg = Debug|x64
		{71DA4595-E8A7-4B21-A00A-D96D29D11E3E}.Debug|x64.Build.0 = Debug|x64
		{71DA4595-E8A7-4B21-A00A-D96D29D11E3E}.Release|Win32.ActiveCfg = Release|Win32
		{71DA4595-E8A7-4B21-A00A-D96D29D11E3E}.Release|Win32.Build.0 = Release|Win32
		{71DA4595-E8A7-4B21-A00A-D96D29D11E3E}.Release|x64.ActiveCfg = Release|x64
		{71DA4595-E8A7-4B21-A00A-D96D29D11E3E}.Release|x64.Build.0 = Release|x64
	EndGlobalSection
	GlobalSection(SolutionProperties) = preSolution
		HideSolutionNode = FALSE
	EndGlobalSection
EndGlobal
