Microsoft Visual Studio Solution File, Format Version 9.00
# Visual Studio 2005
Project("{8BC9CEB8-8B4A-11D0-8D11-00A0C91BC942}") = "libCbc", "..\..\..\Cbc\MSVisualStudio\v8\libCbc\libCbc.vcproj", "{363BA154-FEC9-4E1E-BC23-93CEC58AB785}"
EndProject
Project("{8BC9CEB8-8B4A-11D0-8D11-00A0C91BC942}") = "libCgl", "..\..\..\Cgl\MSVisualStudio\v8\libCgl\libCgl.vcproj", "{DBEA3904-F0B8-408A-9E1A-6497FEBE8C42}"
EndProject
Project("{8BC9CEB8-8B4A-11D0-8D11-00A0C91BC942}") = "libClp", "..\..\..\Clp\MSVisualStudio\v8\libClp\libClp.vcproj", "{4F8F7D1C-3A9E-444D-8EE9-77F33FA05994}"
EndProject
Project("{8BC9CEB8-8B4A-11D0-8D11-00A0C91BC942}") = "libCoinUtils", "..\..\..\CoinUtils\MSVisualStudio\v8\libCoinUtils\libCoinUtils.vcproj", "{C4867F15-438D-4FF8-8388-62FBAAA9786C}"
EndProject
Project("{8BC9CEB8-8B4A-11D0-8D11-00A0C91BC942}") = "libOsi", "..\..\..\Osi\MSVisualStudio\v8\libOsi\libOsi.vcproj", "{7D98E2CB-876E-4F75-9F71-77D3FE87E149}"
EndProject
Project("{8BC9CEB8-8B4A-11D0-8D11-00A0C91BC942}") = "libOsiCbc", "..\..\..\Osi\MSVisualStudio\v8\libOsiCbc\libOsiCbc.vcproj", "{A4D8DB82-7DC6-45EE-AF08-2A6DD7E7AB56}"
EndProject
Project("{8BC9CEB8-8B4A-11D0-8D11-00A0C91BC942}") = "libOsiClp", "..\..\..\Osi\MSVisualStudio\v8\libOsiClp\libOsiClp.vcproj", "{02D45875-A8CF-41B9-990B-3699C0ECFE10}"
EndProject
Project("{8BC9CEB8-8B4A-11D0-8D11-00A0C91BC942}") = "libOsiVol", "..\..\..\Osi\MSVisualStudio\v8\libOsiVol\libOsiVol.vcproj", "{F359370A-340C-4EE0-9B09-5BBE04C769B4}"
EndProject
Project("{8BC9CEB8-8B4A-11D0-8D11-00A0C91BC942}") = "libVol", "..\..\..\Vol\MSVisualStudio\v8\libVol\libVol.vcproj", "{DA559014-23BB-4FD9-B0FB-562CCF38C6B9}"
EndProject
Project("{8BC9CEB8-8B4A-11D0-8D11-00A0C91BC942}") = "libOS", "libOS\libOS.vcproj", "{FDE75299-7466-4A6E-861C-E46021777559}"
	ProjectSection(ProjectDependencies) = postProject
		{DBEA3904-F0B8-408A-9E1A-6497FEBE8C42} = {DBEA3904-F0B8-408A-9E1A-6497FEBE8C42}
		{F359370A-340C-4EE0-9B09-5BBE04C769B4} = {F359370A-340C-4EE0-9B09-5BBE04C769B4}
		{DA559014-23BB-4FD9-B0FB-562CCF38C6B9} = {DA559014-23BB-4FD9-B0FB-562CCF38C6B9}
		{C4867F15-438D-4FF8-8388-62FBAAA9786C} = {C4867F15-438D-4FF8-8388-62FBAAA9786C}
		{4F8F7D1C-3A9E-444D-8EE9-77F33FA05994} = {4F8F7D1C-3A9E-444D-8EE9-77F33FA05994}
		{363BA154-FEC9-4E1E-BC23-93CEC58AB785} = {363BA154-FEC9-4E1E-BC23-93CEC58AB785}
		{02D45875-A8CF-41B9-990B-3699C0ECFE10} = {02D45875-A8CF-41B9-990B-3699C0ECFE10}
		{A4D8DB82-7DC6-45EE-AF08-2A6DD7E7AB56} = {A4D8DB82-7DC6-45EE-AF08-2A6DD7E7AB56}
		{7D98E2CB-876E-4F75-9F71-77D3FE87E149} = {7D98E2CB-876E-4F75-9F71-77D3FE87E149}
	EndProjectSection
EndProject
Project("{8BC9CEB8-8B4A-11D0-8D11-00A0C91BC942}") = "OSSolverService", "OSSolverService\OSSolverService.vcproj", "{7F684109-6C1F-40D3-B3EC-FCB18651110A}"
	ProjectSection(ProjectDependencies) = postProject
		{DBEA3904-F0B8-408A-9E1A-6497FEBE8C42} = {DBEA3904-F0B8-408A-9E1A-6497FEBE8C42}
		{F359370A-340C-4EE0-9B09-5BBE04C769B4} = {F359370A-340C-4EE0-9B09-5BBE04C769B4}
		{DA559014-23BB-4FD9-B0FB-562CCF38C6B9} = {DA559014-23BB-4FD9-B0FB-562CCF38C6B9}
		{C4867F15-438D-4FF8-8388-62FBAAA9786C} = {C4867F15-438D-4FF8-8388-62FBAAA9786C}
		{4F8F7D1C-3A9E-444D-8EE9-77F33FA05994} = {4F8F7D1C-3A9E-444D-8EE9-77F33FA05994}
		{363BA154-FEC9-4E1E-BC23-93CEC58AB785} = {363BA154-FEC9-4E1E-BC23-93CEC58AB785}
		{02D45875-A8CF-41B9-990B-3699C0ECFE10} = {02D45875-A8CF-41B9-990B-3699C0ECFE10}
		{A4D8DB82-7DC6-45EE-AF08-2A6DD7E7AB56} = {A4D8DB82-7DC6-45EE-AF08-2A6DD7E7AB56}
		{FDE75299-7466-4A6E-861C-E46021777559} = {FDE75299-7466-4A6E-861C-E46021777559}
		{7D98E2CB-876E-4F75-9F71-77D3FE87E149} = {7D98E2CB-876E-4F75-9F71-77D3FE87E149}
	EndProjectSection
EndProject
Project("{8BC9CEB8-8B4A-11D0-8D11-00A0C91BC942}") = "OSTest", "OSTest\OSTest.vcproj", "{C5E6054E-C498-421B-835C-25CAAB7AFB7A}"
	ProjectSection(ProjectDependencies) = postProject
		{DBEA3904-F0B8-408A-9E1A-6497FEBE8C42} = {DBEA3904-F0B8-408A-9E1A-6497FEBE8C42}
		{F359370A-340C-4EE0-9B09-5BBE04C769B4} = {F359370A-340C-4EE0-9B09-5BBE04C769B4}
		{DA559014-23BB-4FD9-B0FB-562CCF38C6B9} = {DA559014-23BB-4FD9-B0FB-562CCF38C6B9}
		{C4867F15-438D-4FF8-8388-62FBAAA9786C} = {C4867F15-438D-4FF8-8388-62FBAAA9786C}
		{4F8F7D1C-3A9E-444D-8EE9-77F33FA05994} = {4F8F7D1C-3A9E-444D-8EE9-77F33FA05994}
		{363BA154-FEC9-4E1E-BC23-93CEC58AB785} = {363BA154-FEC9-4E1E-BC23-93CEC58AB785}
		{02D45875-A8CF-41B9-990B-3699C0ECFE10} = {02D45875-A8CF-41B9-990B-3699C0ECFE10}
		{A4D8DB82-7DC6-45EE-AF08-2A6DD7E7AB56} = {A4D8DB82-7DC6-45EE-AF08-2A6DD7E7AB56}
		{FDE75299-7466-4A6E-861C-E46021777559} = {FDE75299-7466-4A6E-861C-E46021777559}
		{7D98E2CB-876E-4F75-9F71-77D3FE87E149} = {7D98E2CB-876E-4F75-9F71-77D3FE87E149}
	EndProjectSection
EndProject
Project("{8BC9CEB8-8B4A-11D0-8D11-00A0C91BC942}") = "libOSCommon", "libOSCommon\libOSCommon.vcproj", "{9B52F86F-D29F-4EB4-B2AB-35A894A98FBD}"
EndProject
Project("{8BC9CEB8-8B4A-11D0-8D11-00A0C91BC942}") = "OSExample-instanceGenerator", "OSExample-instanceGenerator\OSExample-instanceGenerator.vcproj", "{244910F7-BA68-43C5-A8A5-598D0769F228}"
	ProjectSection(ProjectDependencies) = postProject
		{FDE75299-7466-4A6E-861C-E46021777559} = {FDE75299-7466-4A6E-861C-E46021777559}
	EndProjectSection
EndProject
Project("{8BC9CEB8-8B4A-11D0-8D11-00A0C91BC942}") = "OSExample-algorithmicDiff", "OSExample-algorithmicDiff\OSExample-algorithmicDiff.vcproj", "{9DCDF713-59A1-46CF-9FFC-6BD0B71B482D}"
	ProjectSection(ProjectDependencies) = postProject
		{FDE75299-7466-4A6E-861C-E46021777559} = {FDE75299-7466-4A6E-861C-E46021777559}
	EndProjectSection
EndProject
Project("{8BC9CEB8-8B4A-11D0-8D11-00A0C91BC942}") = "OSExample-osTestCode", "OSExample-osTestCode\OSExample-osTestCode.vcproj", "{D903BF1A-E383-48A8-B4B9-61F6CA2075E3}"
	ProjectSection(ProjectDependencies) = postProject
		{FDE75299-7466-4A6E-861C-E46021777559} = {FDE75299-7466-4A6E-861C-E46021777559}
	EndProjectSection
EndProject
Project("{8BC9CEB8-8B4A-11D0-8D11-00A0C91BC942}") = "OSApplication-fileUpload", "OSApplication-fileUpload\OSApplication-fileUpload.vcproj", "{963AE46B-8C67-4C69-B9DF-5845B65806A9}"
	ProjectSection(ProjectDependencies) = postProject
		{FDE75299-7466-4A6E-861C-E46021777559} = {FDE75299-7466-4A6E-861C-E46021777559}
	EndProjectSection
EndProject
Project("{8BC9CEB8-8B4A-11D0-8D11-00A0C91BC942}") = "OSAmplClient", "OSamplclient\OSamplclient.vcproj", "{204183DA-1FC1-498D-A97C-6E7B9482DFC6}"
	ProjectSection(ProjectDependencies) = postProject
		{DBEA3904-F0B8-408A-9E1A-6497FEBE8C42} = {DBEA3904-F0B8-408A-9E1A-6497FEBE8C42}
		{F359370A-340C-4EE0-9B09-5BBE04C769B4} = {F359370A-340C-4EE0-9B09-5BBE04C769B4}
		{DA559014-23BB-4FD9-B0FB-562CCF38C6B9} = {DA559014-23BB-4FD9-B0FB-562CCF38C6B9}
		{C4867F15-438D-4FF8-8388-62FBAAA9786C} = {C4867F15-438D-4FF8-8388-62FBAAA9786C}
		{4F8F7D1C-3A9E-444D-8EE9-77F33FA05994} = {4F8F7D1C-3A9E-444D-8EE9-77F33FA05994}
		{363BA154-FEC9-4E1E-BC23-93CEC58AB785} = {363BA154-FEC9-4E1E-BC23-93CEC58AB785}
		{208CFD6F-447B-41A3-84D5-6D7E20D90464} = {208CFD6F-447B-41A3-84D5-6D7E20D90464}
		{02D45875-A8CF-41B9-990B-3699C0ECFE10} = {02D45875-A8CF-41B9-990B-3699C0ECFE10}
		{A4D8DB82-7DC6-45EE-AF08-2A6DD7E7AB56} = {A4D8DB82-7DC6-45EE-AF08-2A6DD7E7AB56}
		{FDE75299-7466-4A6E-861C-E46021777559} = {FDE75299-7466-4A6E-861C-E46021777559}
		{7D98E2CB-876E-4F75-9F71-77D3FE87E149} = {7D98E2CB-876E-4F75-9F71-77D3FE87E149}
	EndProjectSection
EndProject
Project("{8BC9CEB8-8B4A-11D0-8D11-00A0C91BC942}") = "libCoinBlas", "..\..\..\Ipopt\MSVisualStudio\v8\libCoinBlas\libCoinBlas.vcproj", "{1DF1B050-BC08-4FC4-8B99-27D7D73AD57C}"
EndProject
Project("{8BC9CEB8-8B4A-11D0-8D11-00A0C91BC942}") = "libCoinHSL", "..\..\..\Ipopt\MSVisualStudio\v8\libCoinHSL\libCoinHSL.vcproj", "{C2B9F577-7A9D-4C89-A669-9101DBE21436}"
EndProject
Project("{8BC9CEB8-8B4A-11D0-8D11-00A0C91BC942}") = "libCoinLapack", "..\..\..\Ipopt\MSVisualStudio\v8\libCoinLapack\libCoinLapack.vcproj", "{D7079B7D-C9D9-4061-BE59-BA6A388853BA}"
EndProject
Project("{8BC9CEB8-8B4A-11D0-8D11-00A0C91BC942}") = "libIpopt", "..\..\..\Ipopt\MSVisualStudio\v8\libIpopt\libIpopt.vcproj", "{70C95D45-EB96-4C08-94D5-F1081D021629}"
	ProjectSection(ProjectDependencies) = postProject
		{1DF1B050-BC08-4FC4-8B99-27D7D73AD57C} = {1DF1B050-BC08-4FC4-8B99-27D7D73AD57C}
		{C2B9F577-7A9D-4C89-A669-9101DBE21436} = {C2B9F577-7A9D-4C89-A669-9101DBE21436}
		{D7079B7D-C9D9-4061-BE59-BA6A388853BA} = {D7079B7D-C9D9-4061-BE59-BA6A388853BA}
	EndProjectSection
EndProject
Project("{8BC9CEB8-8B4A-11D0-8D11-00A0C91BC942}") = "libOSnl2OSiL", "libOSnl2OSiL\libOSnl2OSiL.vcproj", "{208CFD6F-447B-41A3-84D5-6D7E20D90464}"
EndProject
Global
	GlobalSection(SolutionConfigurationPlatforms) = preSolution
		Debug|Win32 = Debug|Win32
		Release|Win32 = Release|Win32
		Release-Ipopt|Win32 = Release-Ipopt|Win32
	EndGlobalSection
	GlobalSection(ProjectConfigurationPlatforms) = postSolution
		{363BA154-FEC9-4E1E-BC23-93CEC58AB785}.Debug|Win32.ActiveCfg = Debug|Win32
		{363BA154-FEC9-4E1E-BC23-93CEC58AB785}.Debug|Win32.Build.0 = Debug|Win32
		{363BA154-FEC9-4E1E-BC23-93CEC58AB785}.Release|Win32.ActiveCfg = Release|Win32
		{363BA154-FEC9-4E1E-BC23-93CEC58AB785}.Release|Win32.Build.0 = Release|Win32
		{363BA154-FEC9-4E1E-BC23-93CEC58AB785}.Release-Ipopt|Win32.ActiveCfg = Release|Win32
		{DBEA3904-F0B8-408A-9E1A-6497FEBE8C42}.Debug|Win32.ActiveCfg = Debug|Win32
		{DBEA3904-F0B8-408A-9E1A-6497FEBE8C42}.Debug|Win32.Build.0 = Debug|Win32
		{DBEA3904-F0B8-408A-9E1A-6497FEBE8C42}.Release|Win32.ActiveCfg = Release|Win32
		{DBEA3904-F0B8-408A-9E1A-6497FEBE8C42}.Release|Win32.Build.0 = Release|Win32
		{DBEA3904-F0B8-408A-9E1A-6497FEBE8C42}.Release-Ipopt|Win32.ActiveCfg = Release|Win32
		{4F8F7D1C-3A9E-444D-8EE9-77F33FA05994}.Debug|Win32.ActiveCfg = Debug|Win32
		{4F8F7D1C-3A9E-444D-8EE9-77F33FA05994}.Debug|Win32.Build.0 = Debug|Win32
		{4F8F7D1C-3A9E-444D-8EE9-77F33FA05994}.Release|Win32.ActiveCfg = Release|Win32
		{4F8F7D1C-3A9E-444D-8EE9-77F33FA05994}.Release|Win32.Build.0 = Release|Win32
		{4F8F7D1C-3A9E-444D-8EE9-77F33FA05994}.Release-Ipopt|Win32.ActiveCfg = Release|Win32
		{C4867F15-438D-4FF8-8388-62FBAAA9786C}.Debug|Win32.ActiveCfg = Debug|Win32
		{C4867F15-438D-4FF8-8388-62FBAAA9786C}.Debug|Win32.Build.0 = Debug|Win32
		{C4867F15-438D-4FF8-8388-62FBAAA9786C}.Release|Win32.ActiveCfg = Release|Win32
		{C4867F15-438D-4FF8-8388-62FBAAA9786C}.Release|Win32.Build.0 = Release|Win32
		{C4867F15-438D-4FF8-8388-62FBAAA9786C}.Release-Ipopt|Win32.ActiveCfg = Release|Win32
		{7D98E2CB-876E-4F75-9F71-77D3FE87E149}.Debug|Win32.ActiveCfg = Debug|Win32
		{7D98E2CB-876E-4F75-9F71-77D3FE87E149}.Debug|Win32.Build.0 = Debug|Win32
		{7D98E2CB-876E-4F75-9F71-77D3FE87E149}.Release|Win32.ActiveCfg = Release|Win32
		{7D98E2CB-876E-4F75-9F71-77D3FE87E149}.Release|Win32.Build.0 = Release|Win32
		{7D98E2CB-876E-4F75-9F71-77D3FE87E149}.Release-Ipopt|Win32.ActiveCfg = Release|Win32
		{A4D8DB82-7DC6-45EE-AF08-2A6DD7E7AB56}.Debug|Win32.ActiveCfg = Debug|Win32
		{A4D8DB82-7DC6-45EE-AF08-2A6DD7E7AB56}.Debug|Win32.Build.0 = Debug|Win32
		{A4D8DB82-7DC6-45EE-AF08-2A6DD7E7AB56}.Release|Win32.ActiveCfg = Release|Win32
		{A4D8DB82-7DC6-45EE-AF08-2A6DD7E7AB56}.Release|Win32.Build.0 = Release|Win32
		{A4D8DB82-7DC6-45EE-AF08-2A6DD7E7AB56}.Release-Ipopt|Win32.ActiveCfg = Release|Win32
		{02D45875-A8CF-41B9-990B-3699C0ECFE10}.Debug|Win32.ActiveCfg = Debug|Win32
		{02D45875-A8CF-41B9-990B-3699C0ECFE10}.Debug|Win32.Build.0 = Debug|Win32
		{02D45875-A8CF-41B9-990B-3699C0ECFE10}.Release|Win32.ActiveCfg = Release|Win32
		{02D45875-A8CF-41B9-990B-3699C0ECFE10}.Release|Win32.Build.0 = Release|Win32
		{02D45875-A8CF-41B9-990B-3699C0ECFE10}.Release-Ipopt|Win32.ActiveCfg = Release|Win32
		{F359370A-340C-4EE0-9B09-5BBE04C769B4}.Debug|Win32.ActiveCfg = Debug|Win32
		{F359370A-340C-4EE0-9B09-5BBE04C769B4}.Debug|Win32.Build.0 = Debug|Win32
		{F359370A-340C-4EE0-9B09-5BBE04C769B4}.Release|Win32.ActiveCfg = Release|Win32
		{F359370A-340C-4EE0-9B09-5BBE04C769B4}.Release|Win32.Build.0 = Release|Win32
		{F359370A-340C-4EE0-9B09-5BBE04C769B4}.Release-Ipopt|Win32.ActiveCfg = Release|Win32
		{DA559014-23BB-4FD9-B0FB-562CCF38C6B9}.Debug|Win32.ActiveCfg = Debug|Win32
		{DA559014-23BB-4FD9-B0FB-562CCF38C6B9}.Debug|Win32.Build.0 = Debug|Win32
		{DA559014-23BB-4FD9-B0FB-562CCF38C6B9}.Release|Win32.ActiveCfg = Release|Win32
		{DA559014-23BB-4FD9-B0FB-562CCF38C6B9}.Release|Win32.Build.0 = Release|Win32
		{DA559014-23BB-4FD9-B0FB-562CCF38C6B9}.Release-Ipopt|Win32.ActiveCfg = Release|Win32
		{FDE75299-7466-4A6E-861C-E46021777559}.Debug|Win32.ActiveCfg = Debug|Win32
		{FDE75299-7466-4A6E-861C-E46021777559}.Debug|Win32.Build.0 = Debug|Win32
		{FDE75299-7466-4A6E-861C-E46021777559}.Release|Win32.ActiveCfg = Release|Win32
		{FDE75299-7466-4A6E-861C-E46021777559}.Release|Win32.Build.0 = Release|Win32
		{FDE75299-7466-4A6E-861C-E46021777559}.Release-Ipopt|Win32.ActiveCfg = Release-Ipopt|Win32
		{7F684109-6C1F-40D3-B3EC-FCB18651110A}.Debug|Win32.ActiveCfg = Debug|Win32
		{7F684109-6C1F-40D3-B3EC-FCB18651110A}.Debug|Win32.Build.0 = Debug|Win32
		{7F684109-6C1F-40D3-B3EC-FCB18651110A}.Release|Win32.ActiveCfg = Release|Win32
		{7F684109-6C1F-40D3-B3EC-FCB18651110A}.Release|Win32.Build.0 = Release|Win32
		{7F684109-6C1F-40D3-B3EC-FCB18651110A}.Release-Ipopt|Win32.ActiveCfg = Release-Ipopt|Win32
		{C5E6054E-C498-421B-835C-25CAAB7AFB7A}.Debug|Win32.ActiveCfg = Debug|Win32
		{C5E6054E-C498-421B-835C-25CAAB7AFB7A}.Debug|Win32.Build.0 = Debug|Win32
		{C5E6054E-C498-421B-835C-25CAAB7AFB7A}.Release|Win32.ActiveCfg = Release|Win32
		{C5E6054E-C498-421B-835C-25CAAB7AFB7A}.Release|Win32.Build.0 = Release|Win32
		{C5E6054E-C498-421B-835C-25CAAB7AFB7A}.Release-Ipopt|Win32.ActiveCfg = Release-Ipopt|Win32
		{9B52F86F-D29F-4EB4-B2AB-35A894A98FBD}.Debug|Win32.ActiveCfg = Debug|Win32
		{9B52F86F-D29F-4EB4-B2AB-35A894A98FBD}.Debug|Win32.Build.0 = Debug|Win32
		{9B52F86F-D29F-4EB4-B2AB-35A894A98FBD}.Release|Win32.ActiveCfg = Release|Win32
		{9B52F86F-D29F-4EB4-B2AB-35A894A98FBD}.Release|Win32.Build.0 = Release|Win32
		{9B52F86F-D29F-4EB4-B2AB-35A894A98FBD}.Release-Ipopt|Win32.ActiveCfg = Release-Ipopt|Win32
		{244910F7-BA68-43C5-A8A5-598D0769F228}.Debug|Win32.ActiveCfg = Debug|Win32
		{244910F7-BA68-43C5-A8A5-598D0769F228}.Release|Win32.ActiveCfg = Release|Win32
		{244910F7-BA68-43C5-A8A5-598D0769F228}.Release-Ipopt|Win32.ActiveCfg = Release-Ipopt|Win32
		{9DCDF713-59A1-46CF-9FFC-6BD0B71B482D}.Debug|Win32.ActiveCfg = Debug|Win32
		{9DCDF713-59A1-46CF-9FFC-6BD0B71B482D}.Release|Win32.ActiveCfg = Release|Win32
		{9DCDF713-59A1-46CF-9FFC-6BD0B71B482D}.Release-Ipopt|Win32.ActiveCfg = Release-Ipopt|Win32
		{D903BF1A-E383-48A8-B4B9-61F6CA2075E3}.Debug|Win32.ActiveCfg = Debug|Win32
		{D903BF1A-E383-48A8-B4B9-61F6CA2075E3}.Release|Win32.ActiveCfg = Release|Win32
		{D903BF1A-E383-48A8-B4B9-61F6CA2075E3}.Release-Ipopt|Win32.ActiveCfg = Release-Ipopt|Win32
		{963AE46B-8C67-4C69-B9DF-5845B65806A9}.Debug|Win32.ActiveCfg = Debug|Win32
		{963AE46B-8C67-4C69-B9DF-5845B65806A9}.Release|Win32.ActiveCfg = Release|Win32
		{963AE46B-8C67-4C69-B9DF-5845B65806A9}.Release-Ipopt|Win32.ActiveCfg = Release-Ipopt|Win32
		{204183DA-1FC1-498D-A97C-6E7B9482DFC6}.Debug|Win32.ActiveCfg = Debug|Win32
		{204183DA-1FC1-498D-A97C-6E7B9482DFC6}.Release|Win32.ActiveCfg = Release|Win32
		{204183DA-1FC1-498D-A97C-6E7B9482DFC6}.Release-Ipopt|Win32.ActiveCfg = Release-Ipopt|Win32
		{1DF1B050-BC08-4FC4-8B99-27D7D73AD57C}.Debug|Win32.ActiveCfg = Debug|Win32
		{1DF1B050-BC08-4FC4-8B99-27D7D73AD57C}.Release|Win32.ActiveCfg = Release|Win32
		{1DF1B050-BC08-4FC4-8B99-27D7D73AD57C}.Release-Ipopt|Win32.ActiveCfg = Release|Win32
		{C2B9F577-7A9D-4C89-A669-9101DBE21436}.Debug|Win32.ActiveCfg = Debug|Win32
		{C2B9F577-7A9D-4C89-A669-9101DBE21436}.Release|Win32.ActiveCfg = Release|Win32
		{C2B9F577-7A9D-4C89-A669-9101DBE21436}.Release-Ipopt|Win32.ActiveCfg = Release|Win32
		{D7079B7D-C9D9-4061-BE59-BA6A388853BA}.Debug|Win32.ActiveCfg = Debug|Win32
		{D7079B7D-C9D9-4061-BE59-BA6A388853BA}.Release|Win32.ActiveCfg = Release|Win32
		{D7079B7D-C9D9-4061-BE59-BA6A388853BA}.Release-Ipopt|Win32.ActiveCfg = Release|Win32
		{70C95D45-EB96-4C08-94D5-F1081D021629}.Debug|Win32.ActiveCfg = Debug|Win32
		{70C95D45-EB96-4C08-94D5-F1081D021629}.Release|Win32.ActiveCfg = Release|Win32
		{70C95D45-EB96-4C08-94D5-F1081D021629}.Release-Ipopt|Win32.ActiveCfg = Release|Win32
		{208CFD6F-447B-41A3-84D5-6D7E20D90464}.Debug|Win32.ActiveCfg = Debug|Win32
		{208CFD6F-447B-41A3-84D5-6D7E20D90464}.Release|Win32.ActiveCfg = Release|Win32
		{208CFD6F-447B-41A3-84D5-6D7E20D90464}.Release-Ipopt|Win32.ActiveCfg = Release-Ipopt|Win32
	EndGlobalSection
	GlobalSection(SolutionProperties) = preSolution
		HideSolutionNode = FALSE
	EndGlobalSection
EndGlobal
